
Microsoft Visual Studio Solution File, Format Version 12.00
# Visual Studio Version 17
VisualStudioVersion = 17.14.36401.2 d17.14
MinimumVisualStudioVersion = 10.0.40219.1
Project("{FAE04EC0-301F-11D3-BF4B-00C04F79EFBC}") = "File Storage System", "File Storage System\File Storage System.csproj", "{A2D1505A-4F97-49A6-9F31-D8EC330D3764}"
EndProject
Global
	GlobalSection(SolutionConfigurationPlatforms) = preSolution
		Debug|Any CPU = Debug|Any CPU
		Release|Any CPU = Release|Any CPU
	EndGlobalSection
	GlobalSection(ProjectConfigurationPlatforms) = postSolution
		{A2D1505A-4F97-49A6-9F31-D8EC330D3764}.Debug|Any CPU.ActiveCfg = Debug|Any CPU
		{A2D1505A-4F97-49A6-9F31-D8EC330D3764}.Debug|Any CPU.Build.0 = Debug|Any CPU
		{A2D1505A-4F97-49A6-9F31-D8EC330D3764}.Release|Any CPU.ActiveCfg = Release|Any CPU
		{A2D1505A-4F97-49A6-9F31-D8EC330D3764}.Release|Any CPU.Build.0 = Release|Any CPU
	EndGlobalSection
	GlobalSection(SolutionProperties) = preSolution
		HideSolutionNode = FALSE
	EndGlobalSection
	GlobalSection(ExtensibilityGlobals) = postSolution
		SolutionGuid = {22DAB8B7-7871-4604-B31F-1D22B682FFBD}
	EndGlobalSection
EndGlobal
